
Microsoft Visual Studio Solution File, Format Version 12.00
# Visual Studio Version 16
VisualStudioVersion = 16.0.30804.86
MinimumVisualStudioVersion = 10.0.40219.1
Project("{2150E333-8FDC-42A3-9474-1A3956D46DE8}") = "src", "src", "{0F8ABE3F-172E-4314-8DCE-DF1D95A9C83F}"
EndProject
Project("{2150E333-8FDC-42A3-9474-1A3956D46DE8}") = "Factory", "Factory", "{BB949CD8-5C9C-4040-BCB4-2D1EFC27EC8F}"
EndProject
Project("{2150E333-8FDC-42A3-9474-1A3956D46DE8}") = "Demo 1 - First Look", "Demo 1 - First Look", "{3F3A9A0F-5A68-4C4C-97B9-5E12C075CABF}"
EndProject
Project("{FAE04EC0-301F-11D3-BF4B-00C04F79EFBC}") = "FactoryPatternFirstLook", "src\Factory\Demo 1 - First Look\FactoryPatternFirstLook\FactoryPatternFirstLook.csproj", "{63035C5B-BE58-43D8-869A-904401DFB5C0}"
EndProject
Global
	GlobalSection(SolutionConfigurationPlatforms) = preSolution
		Debug|Any CPU = Debug|Any CPU
		Release|Any CPU = Release|Any CPU
	EndGlobalSection
	GlobalSection(ProjectConfigurationPlatforms) = postSolution
		{63035C5B-BE58-43D8-869A-904401DFB5C0}.Debug|Any CPU.ActiveCfg = Debug|Any CPU
		{63035C5B-BE58-43D8-869A-904401DFB5C0}.Debug|Any CPU.Build.0 = Debug|Any CPU
		{63035C5B-BE58-43D8-869A-904401DFB5C0}.Release|Any CPU.ActiveCfg = Release|Any CPU
		{63035C5B-BE58-43D8-869A-904401DFB5C0}.Release|Any CPU.Build.0 = Release|Any CPU
	EndGlobalSection
	GlobalSection(SolutionProperties) = preSolution
		HideSolutionNode = FALSE
	EndGlobalSection
	GlobalSection(NestedProjects) = preSolution
		{BB949CD8-5C9C-4040-BCB4-2D1EFC27EC8F} = {0F8ABE3F-172E-4314-8DCE-DF1D95A9C83F}
		{3F3A9A0F-5A68-4C4C-97B9-5E12C075CABF} = {BB949CD8-5C9C-4040-BCB4-2D1EFC27EC8F}
		{63035C5B-BE58-43D8-869A-904401DFB5C0} = {3F3A9A0F-5A68-4C4C-97B9-5E12C075CABF}
	EndGlobalSection
	GlobalSection(ExtensibilityGlobals) = postSolution
		SolutionGuid = {04196470-E3FA-483A-8C35-E2716555E025}
	EndGlobalSection
EndGlobal
